
Microsoft Visual Studio Solution File, Format Version 12.00
# Visual Studio 14
VisualStudioVersion = 14.0.25420.1
MinimumVisualStudioVersion = 10.0.40219.1
Project("{8BC9CEB8-8B4A-11D0-8D11-00A0C91BC942}") = "DBServer", "DBServer\DBServer.vcxproj", "{8EAD9B5E-CCFE-4137-91D8-69EC4871F11F}"
	ProjectSection(ProjectDependencies) = postProject
		{1021C400-E90B-4985-982D-DF9DB555F336} = {1021C400-E90B-4985-982D-DF9DB555F336}
		{3BF0757D-C2EE-47D6-B251-D7B71C08D599} = {3BF0757D-C2EE-47D6-B251-D7B71C08D599}
	EndProjectSection
EndProject
Project("{8BC9CEB8-8B4A-11D0-8D11-00A0C91BC942}") = "GateServer", "GateServer\GateServer.vcxproj", "{190DB7F4-FC62-4B2C-B9E0-D7694213E156}"
	ProjectSection(ProjectDependencies) = postProject
		{1021C400-E90B-4985-982D-DF9DB555F336} = {1021C400-E90B-4985-982D-DF9DB555F336}
		{3BF0757D-C2EE-47D6-B251-D7B71C08D599} = {3BF0757D-C2EE-47D6-B251-D7B71C08D599}
	EndProjectSection
EndProject
Project("{8BC9CEB8-8B4A-11D0-8D11-00A0C91BC942}") = "DataServer", "GameServer\GameServer.vcxproj", "{61A7DB25-7A43-44E9-A75D-FDD674D0E138}"
	ProjectSection(ProjectDependencies) = postProject
		{1021C400-E90B-4985-982D-DF9DB555F336} = {1021C400-E90B-4985-982D-DF9DB555F336}
		{3BF0757D-C2EE-47D6-B251-D7B71C08D599} = {3BF0757D-C2EE-47D6-B251-D7B71C08D599}
	EndProjectSection
EndProject
Project("{8BC9CEB8-8B4A-11D0-8D11-00A0C91BC942}") = "LoginServer", "LoginServer\LoginServer.vcxproj", "{5F75781A-C153-4F43-8AF3-B7C4285F471E}"
	ProjectSection(ProjectDependencies) = postProject
		{1021C400-E90B-4985-982D-DF9DB555F336} = {1021C400-E90B-4985-982D-DF9DB555F336}
		{3BF0757D-C2EE-47D6-B251-D7B71C08D599} = {3BF0757D-C2EE-47D6-B251-D7B71C08D599}
	EndProjectSection
EndProject
Project("{8BC9CEB8-8B4A-11D0-8D11-00A0C91BC942}") = "VerifyServer", "VerifyServer\VerifyServer.vcxproj", "{5D591419-420C-46EA-B153-DD5A426FA989}"
	ProjectSection(ProjectDependencies) = postProject
		{1021C400-E90B-4985-982D-DF9DB555F336} = {1021C400-E90B-4985-982D-DF9DB555F336}
		{3BF0757D-C2EE-47D6-B251-D7B71C08D599} = {3BF0757D-C2EE-47D6-B251-D7B71C08D599}
	EndProjectSection
EndProject
Project("{8BC9CEB8-8B4A-11D0-8D11-00A0C91BC942}") = "LogServer", "LogServer\LogServer.vcxproj", "{BD2F369E-6492-4061-A06D-5877E9DADBE2}"
	ProjectSection(ProjectDependencies) = postProject
		{1021C400-E90B-4985-982D-DF9DB555F336} = {1021C400-E90B-4985-982D-DF9DB555F336}
		{3BF0757D-C2EE-47D6-B251-D7B71C08D599} = {3BF0757D-C2EE-47D6-B251-D7B71C08D599}
	EndProjectSection
EndProject
Project("{8BC9CEB8-8B4A-11D0-8D11-00A0C91BC942}") = "NetworkUtility", "NetworkUtility\NetworkUtility.vcxproj", "{3BF0757D-C2EE-47D6-B251-D7B71C08D599}"
EndProject
Project("{8BC9CEB8-8B4A-11D0-8D11-00A0C91BC942}") = "CenterServer", "CenterServer\CenterServer.vcxproj", "{B48CE06E-A341-4E61-9468-EF821196794E}"
	ProjectSection(ProjectDependencies) = postProject
		{3BF0757D-C2EE-47D6-B251-D7B71C08D599} = {3BF0757D-C2EE-47D6-B251-D7B71C08D599}
	EndProjectSection
EndProject
Project("{8BC9CEB8-8B4A-11D0-8D11-00A0C91BC942}") = "ServerCommon", "ServerCommon\ServerCommon.vcxproj", "{1021C400-E90B-4985-982D-DF9DB555F336}"
EndProject
Project("{8BC9CEB8-8B4A-11D0-8D11-00A0C91BC942}") = "GameCommon", "GameCommon\GameCommon.vcxproj", "{0C1CC656-13EF-4195-8FF4-A0DC0D28DBE9}"
EndProject
Project("{8BC9CEB8-8B4A-11D0-8D11-00A0C91BC942}") = "MaJiangServer", "MaJiangServer\MaJiangServer.vcxproj", "{5AC88CEF-63E2-4998-A690-25ED685B562C}"
	ProjectSection(ProjectDependencies) = postProject
		{1021C400-E90B-4985-982D-DF9DB555F336} = {1021C400-E90B-4985-982D-DF9DB555F336}
		{0C1CC656-13EF-4195-8FF4-A0DC0D28DBE9} = {0C1CC656-13EF-4195-8FF4-A0DC0D28DBE9}
		{3BF0757D-C2EE-47D6-B251-D7B71C08D599} = {3BF0757D-C2EE-47D6-B251-D7B71C08D599}
	EndProjectSection
EndProject
Global
	GlobalSection(SolutionConfigurationPlatforms) = preSolution
		Debug|Win32 = Debug|Win32
		Release|Win32 = Release|Win32
	EndGlobalSection
	GlobalSection(ProjectConfigurationPlatforms) = postSolution
		{8EAD9B5E-CCFE-4137-91D8-69EC4871F11F}.Debug|Win32.ActiveCfg = Debug|Win32
		{8EAD9B5E-CCFE-4137-91D8-69EC4871F11F}.Debug|Win32.Build.0 = Debug|Win32
		{8EAD9B5E-CCFE-4137-91D8-69EC4871F11F}.Release|Win32.ActiveCfg = Release|Win32
		{8EAD9B5E-CCFE-4137-91D8-69EC4871F11F}.Release|Win32.Build.0 = Release|Win32
		{190DB7F4-FC62-4B2C-B9E0-D7694213E156}.Debug|Win32.ActiveCfg = Debug|Win32
		{190DB7F4-FC62-4B2C-B9E0-D7694213E156}.Debug|Win32.Build.0 = Debug|Win32
		{190DB7F4-FC62-4B2C-B9E0-D7694213E156}.Release|Win32.ActiveCfg = Release|Win32
		{190DB7F4-FC62-4B2C-B9E0-D7694213E156}.Release|Win32.Build.0 = Release|Win32
		{61A7DB25-7A43-44E9-A75D-FDD674D0E138}.Debug|Win32.ActiveCfg = Debug|Win32
		{61A7DB25-7A43-44E9-A75D-FDD674D0E138}.Debug|Win32.Build.0 = Debug|Win32
		{61A7DB25-7A43-44E9-A75D-FDD674D0E138}.Release|Win32.ActiveCfg = Release|Win32
		{61A7DB25-7A43-44E9-A75D-FDD674D0E138}.Release|Win32.Build.0 = Release|Win32
		{5F75781A-C153-4F43-8AF3-B7C4285F471E}.Debug|Win32.ActiveCfg = Debug|Win32
		{5F75781A-C153-4F43-8AF3-B7C4285F471E}.Debug|Win32.Build.0 = Debug|Win32
		{5F75781A-C153-4F43-8AF3-B7C4285F471E}.Release|Win32.ActiveCfg = Release|Win32
		{5F75781A-C153-4F43-8AF3-B7C4285F471E}.Release|Win32.Build.0 = Release|Win32
		{5D591419-420C-46EA-B153-DD5A426FA989}.Debug|Win32.ActiveCfg = Debug|Win32
		{5D591419-420C-46EA-B153-DD5A426FA989}.Debug|Win32.Build.0 = Debug|Win32
		{5D591419-420C-46EA-B153-DD5A426FA989}.Release|Win32.ActiveCfg = Release|Win32
		{5D591419-420C-46EA-B153-DD5A426FA989}.Release|Win32.Build.0 = Release|Win32
		{BD2F369E-6492-4061-A06D-5877E9DADBE2}.Debug|Win32.ActiveCfg = Debug|Win32
		{BD2F369E-6492-4061-A06D-5877E9DADBE2}.Debug|Win32.Build.0 = Debug|Win32
		{BD2F369E-6492-4061-A06D-5877E9DADBE2}.Release|Win32.ActiveCfg = Release|Win32
		{BD2F369E-6492-4061-A06D-5877E9DADBE2}.Release|Win32.Build.0 = Release|Win32
		{3BF0757D-C2EE-47D6-B251-D7B71C08D599}.Debug|Win32.ActiveCfg = Debug|Win32
		{3BF0757D-C2EE-47D6-B251-D7B71C08D599}.Debug|Win32.Build.0 = Debug|Win32
		{3BF0757D-C2EE-47D6-B251-D7B71C08D599}.Release|Win32.ActiveCfg = Release|Win32
		{3BF0757D-C2EE-47D6-B251-D7B71C08D599}.Release|Win32.Build.0 = Release|Win32
		{B48CE06E-A341-4E61-9468-EF821196794E}.Debug|Win32.ActiveCfg = Debug|Win32
		{B48CE06E-A341-4E61-9468-EF821196794E}.Debug|Win32.Build.0 = Debug|Win32
		{B48CE06E-A341-4E61-9468-EF821196794E}.Release|Win32.ActiveCfg = Release|Win32
		{B48CE06E-A341-4E61-9468-EF821196794E}.Release|Win32.Build.0 = Release|Win32
		{1021C400-E90B-4985-982D-DF9DB555F336}.Debug|Win32.ActiveCfg = Debug|Win32
		{1021C400-E90B-4985-982D-DF9DB555F336}.Debug|Win32.Build.0 = Debug|Win32
		{1021C400-E90B-4985-982D-DF9DB555F336}.Release|Win32.ActiveCfg = Release|Win32
		{1021C400-E90B-4985-982D-DF9DB555F336}.Release|Win32.Build.0 = Release|Win32
		{0C1CC656-13EF-4195-8FF4-A0DC0D28DBE9}.Debug|Win32.ActiveCfg = Debug|Win32
		{0C1CC656-13EF-4195-8FF4-A0DC0D28DBE9}.Debug|Win32.Build.0 = Debug|Win32
		{0C1CC656-13EF-4195-8FF4-A0DC0D28DBE9}.Release|Win32.ActiveCfg = Release|Win32
		{0C1CC656-13EF-4195-8FF4-A0DC0D28DBE9}.Release|Win32.Build.0 = Release|Win32
		{5AC88CEF-63E2-4998-A690-25ED685B562C}.Debug|Win32.ActiveCfg = Debug|Win32
		{5AC88CEF-63E2-4998-A690-25ED685B562C}.Debug|Win32.Build.0 = Debug|Win32
		{5AC88CEF-63E2-4998-A690-25ED685B562C}.Release|Win32.ActiveCfg = Release|Win32
		{5AC88CEF-63E2-4998-A690-25ED685B562C}.Release|Win32.Build.0 = Release|Win32
	EndGlobalSection
	GlobalSection(SolutionProperties) = preSolution
		HideSolutionNode = FALSE
	EndGlobalSection
EndGlobal
