<?xml version="1.0" encoding="utf-8"?>
<Project ToolsVersion="4.0" xmlns="http://schemas.microsoft.com/developer/msbuild/2003">
  <ItemGroup>
    <Filter Include="资源文件">
      <UniqueIdentifier>{67DA6AB6-F800-4c08-8B7A-83BB121AAD01}</UniqueIdentifier>
      <Extensions>rc;ico;cur;bmp;dlg;rc2;rct;bin;rgs;gif;jpg;jpeg;jpe;resx;tiff;tif;png;wav;mfcribbon-ms</Extensions>
    </Filter>
    <Filter Include="src">
      <UniqueIdentifier>{4FC737F1-C7A5-4376-A066-2A32D752A2FF}</UniqueIdentifier>
      <Extensions>cpp;c;cc;cxx;def;odl;idl;hpj;bat;asm;asmx</Extensions>
    </Filter>
    <Filter Include="SvrCommon">
      <UniqueIdentifier>{5edce2aa-8e62-4940-be0c-15108ba32dc5}</UniqueIdentifier>
    </Filter>
    <Filter Include="Common">
      <UniqueIdentifier>{4a229f31-32c7-4887-971a-199a18153e85}</UniqueIdentifier>
    </Filter>
    <Filter Include="h5Network">
      <UniqueIdentifier>{da06cd20-d929-4f8c-8c01-e945dc33f50a}</UniqueIdentifier>
    </Filter>
  </ItemGroup>
  <ItemGroup>
    <ClCompile Include="..\ServerCommon\ISeverApp.cpp">
      <Filter>SvrCommon</Filter>
    </ClCompile>
    <ClCompile Include="..\ServerCommon\ServerConfig.cpp">
      <Filter>SvrCommon</Filter>
    </ClCompile>
    <ClCompile Include="..\..\Common\ConfigReader.cpp">
      <Filter>Common</Filter>
    </ClCompile>
    <ClCompile Include="..\..\Common\IConfigFile.cpp">
      <Filter>Common</Filter>
    </ClCompile>
    <ClCompile Include="..\..\Common\Utility.cpp">
      <Filter>Common</Filter>
    </ClCompile>
    <ClCompile Include="..\ServerCommon\Timer.cpp">
      <Filter>SvrCommon</Filter>
    </ClCompile>
    <ClCompile Include="src\WebsocketNetwork.cpp">
      <Filter>h5Network</Filter>
    </ClCompile>
    <ClCompile Include="src\ClientManager.cpp">
      <Filter>src</Filter>
    </ClCompile>
    <ClCompile Include="src\GateClient.cpp">
      <Filter>src</Filter>
    </ClCompile>
    <ClCompile Include="src\GateServer.cpp">
      <Filter>src</Filter>
    </ClCompile>
    <ClCompile Include="src\main.cpp">
      <Filter>src</Filter>
    </ClCompile>
    <ClCompile Include="..\ServerCommon\AsyncRequestQuene.cpp">
      <Filter>SvrCommon</Filter>
    </ClCompile>
    <ClCompile Include="..\ServerCommon\log4z.cpp">
      <Filter>SvrCommon</Filter>
    </ClCompile>
  </ItemGroup>
  <ItemGroup>
    <ClInclude Include="..\ServerCommon\ISeverApp.h">
      <Filter>SvrCommon</Filter>
    </ClInclude>
    <ClInclude Include="..\ServerCommon\ServerConfig.h">
      <Filter>SvrCommon</Filter>
    </ClInclude>
    <ClInclude Include="..\ServerCommon\ServerDefine.h">
      <Filter>SvrCommon</Filter>
    </ClInclude>
    <ClInclude Include="..\ServerCommon\ServerMessageDefine.h">
      <Filter>SvrCommon</Filter>
    </ClInclude>
    <ClInclude Include="..\..\Common\CommonDefine.h">
      <Filter>Common</Filter>
    </ClInclude>
    <ClInclude Include="..\..\Common\ConfigReader.h">
      <Filter>Common</Filter>
    </ClInclude>
    <ClInclude Include="..\..\Common\IConfigFile.h">
      <Filter>Common</Filter>
    </ClInclude>
    <ClInclude Include="..\..\Common\MessageDefine.h">
      <Filter>Common</Filter>
    </ClInclude>
    <ClInclude Include="..\..\Common\MessageIdentifer.h">
      <Filter>Common</Filter>
    </ClInclude>
    <ClInclude Include="..\..\Common\Utility.h">
      <Filter>Common</Filter>
    </ClInclude>
    <ClInclude Include="..\ServerCommon\Timer.h">
      <Filter>SvrCommon</Filter>
    </ClInclude>
    <ClInclude Include="src\WebsocketNetwork.h">
      <Filter>h5Network</Filter>
    </ClInclude>
    <ClInclude Include="src\ClientManager.h">
      <Filter>src</Filter>
    </ClInclude>
    <ClInclude Include="src\GateClient.h">
      <Filter>src</Filter>
    </ClInclude>
    <ClInclude Include="src\GateServer.h">
      <Filter>src</Filter>
    </ClInclude>
    <ClInclude Include="src\main.h">
      <Filter>src</Filter>
    </ClInclude>
    <ClInclude Include="..\ServerCommon\AsyncRequestQuene.h">
      <Filter>SvrCommon</Filter>
    </ClInclude>
    <ClInclude Include="..\ServerCommon\log4z.h">
      <Filter>SvrCommon</Filter>
    </ClInclude>
  </ItemGroup>
</Project>