<?xml version="1.0" encoding="utf-8"?>
<Project ToolsVersion="4.0" xmlns="http://schemas.microsoft.com/developer/msbuild/2003">
  <ItemGroup>
    <Filter Include="src">
      <UniqueIdentifier>{4FC737F1-C7A5-4376-A066-2A32D752A2FF}</UniqueIdentifier>
      <Extensions>cpp;c;cc;cxx;def;odl;idl;hpj;bat;asm;asmx</Extensions>
    </Filter>
    <Filter Include="Common">
      <UniqueIdentifier>{4f410397-7423-480e-aa60-16fb3d675dfd}</UniqueIdentifier>
    </Filter>
    <Filter Include="src\App">
      <UniqueIdentifier>{cf27c37a-8c66-497b-bb54-dce03e04adc8}</UniqueIdentifier>
    </Filter>
    <Filter Include="src\Player">
      <UniqueIdentifier>{6c806493-f39d-4048-a829-4052863fede2}</UniqueIdentifier>
    </Filter>
    <Filter Include="SvrCommon">
      <UniqueIdentifier>{c88ff6d4-530f-4d24-b788-b975c4e6d75b}</UniqueIdentifier>
    </Filter>
    <Filter Include="Common\Config">
      <UniqueIdentifier>{fe25b9b0-e2bb-46e9-949b-66585a75b186}</UniqueIdentifier>
    </Filter>
    <Filter Include="Common\Card">
      <UniqueIdentifier>{721f0a8c-4c1f-4158-b62a-260af1d9daba}</UniqueIdentifier>
    </Filter>
  </ItemGroup>
  <ItemGroup>
    <ClInclude Include="..\..\Common\BoxConfig.h">
      <Filter>Common\Config</Filter>
    </ClInclude>
    <ClInclude Include="..\..\Common\ConfigManager.h">
      <Filter>Common\Config</Filter>
    </ClInclude>
    <ClInclude Include="..\..\Common\ContinueLoginConfig.h">
      <Filter>Common\Config</Filter>
    </ClInclude>
    <ClInclude Include="..\..\Common\ItemConfig.h">
      <Filter>Common\Config</Filter>
    </ClInclude>
    <ClInclude Include="..\..\Common\RoomConfig.h">
      <Filter>Common\Config</Filter>
    </ClInclude>
    <ClInclude Include="..\..\Common\ShopConfg.h">
      <Filter>Common\Config</Filter>
    </ClInclude>
    <ClInclude Include="..\..\Common\MissionConfig.h">
      <Filter>Common\Config</Filter>
    </ClInclude>
    <ClInclude Include="..\..\Common\CardPoker.h">
      <Filter>Common\Card</Filter>
    </ClInclude>
    <ClInclude Include="..\..\Common\PeerCard.h">
      <Filter>Common\Card</Filter>
    </ClInclude>
    <ClInclude Include="..\..\Common\TaxasPokerPeerCard.h">
      <Filter>Common\Card</Filter>
    </ClInclude>
    <ClInclude Include="..\..\Common\TitleLevelConfig.h">
      <Filter>Common\Config</Filter>
    </ClInclude>
    <ClInclude Include="..\DataServer\src\main.h">
      <Filter>src\App</Filter>
    </ClInclude>
    <ClInclude Include="..\DataServer\src\GameServerApp.h">
      <Filter>src\App</Filter>
    </ClInclude>
    <ClInclude Include="..\DataServer\src\EventCenter.h">
      <Filter>src\App</Filter>
    </ClInclude>
    <ClInclude Include="..\DataServer\src\Events.h">
      <Filter>src\App</Filter>
    </ClInclude>
    <ClInclude Include="..\DataServer\src\PlayerManager.h">
      <Filter>src\App</Filter>
    </ClInclude>
    <ClInclude Include="..\DataServer\src\Player.h">
      <Filter>src\Player</Filter>
    </ClInclude>
    <ClInclude Include="..\DataServer\src\IPlayerComponent.h">
      <Filter>src\Player</Filter>
    </ClInclude>
    <ClInclude Include="..\DataServer\src\PlayerBaseData.h">
      <Filter>src\Player</Filter>
    </ClInclude>
    <ClInclude Include="..\DataServer\src\PlayerMail.h">
      <Filter>src\Player</Filter>
    </ClInclude>
    <ClInclude Include="..\DataServer\src\PlayerFriend.h">
      <Filter>src\Player</Filter>
    </ClInclude>
    <ClInclude Include="..\DataServer\src\PlayerGameData.h">
      <Filter>src\Player</Filter>
    </ClInclude>
    <ClInclude Include="..\ServerCommon\RewardConfig.h">
      <Filter>SvrCommon</Filter>
    </ClInclude>
    <ClInclude Include="..\DataServer\src\ExchangeConfig.h">
      <Filter>src\App</Filter>
    </ClInclude>
    <ClInclude Include="..\DataServer\src\ExchangeCenter.h">
      <Filter>src\App</Filter>
    </ClInclude>
    <ClInclude Include="..\DataServer\src\RobotCenter.h">
      <Filter>src\App</Filter>
    </ClInclude>
    <ClInclude Include="..\DataServer\src\encryptNumber.h">
      <Filter>src\App</Filter>
    </ClInclude>
    <ClInclude Include="..\DataServer\src\Group.h">
      <Filter>src\App</Filter>
    </ClInclude>
    <ClInclude Include="..\DataServer\src\GameRoomCenter.h">
      <Filter>src\App</Filter>
    </ClInclude>
    <ClInclude Include="..\ServerCommon\httpRequest.h">
      <Filter>SvrCommon</Filter>
    </ClInclude>
    <ClInclude Include="..\DataServer\src\QingJiaModule.h">
      <Filter>src\App</Filter>
    </ClInclude>
    <ClInclude Include="..\ServerCommon\mutex.h">
      <Filter>SvrCommon</Filter>
    </ClInclude>
    <ClInclude Include="..\ServerCommon\Sem.h">
      <Filter>SvrCommon</Filter>
    </ClInclude>
    <ClInclude Include="..\ServerCommon\TaskPool.h">
      <Filter>SvrCommon</Filter>
    </ClInclude>
    <ClInclude Include="..\ServerCommon\ThreadMod.h">
      <Filter>SvrCommon</Filter>
    </ClInclude>
    <ClInclude Include="..\ServerCommon\WorkThread.h">
      <Filter>SvrCommon</Filter>
    </ClInclude>
  </ItemGroup>
  <ItemGroup>
    <ClCompile Include="..\..\Common\BoxConfig.cpp">
      <Filter>Common\Config</Filter>
    </ClCompile>
    <ClCompile Include="..\..\Common\ConfigManager.cpp">
      <Filter>Common\Config</Filter>
    </ClCompile>
    <ClCompile Include="..\..\Common\ContinueLoginConfig.cpp">
      <Filter>Common\Config</Filter>
    </ClCompile>
    <ClCompile Include="..\..\Common\ItemConfig.cpp">
      <Filter>Common\Config</Filter>
    </ClCompile>
    <ClCompile Include="..\..\Common\RoomConfig.cpp">
      <Filter>Common\Config</Filter>
    </ClCompile>
    <ClCompile Include="..\..\Common\ShopConfg.cpp">
      <Filter>Common\Config</Filter>
    </ClCompile>
    <ClCompile Include="..\..\Common\MissionConfig.cpp">
      <Filter>Common\Config</Filter>
    </ClCompile>
    <ClCompile Include="..\..\Common\CardPoker.cpp">
      <Filter>Common\Card</Filter>
    </ClCompile>
    <ClCompile Include="..\..\Common\PeerCard.cpp">
      <Filter>Common\Card</Filter>
    </ClCompile>
    <ClCompile Include="..\..\Common\TaxasPokerPeerCard.cpp">
      <Filter>Common\Card</Filter>
    </ClCompile>
    <ClCompile Include="..\..\Common\TitleLevelConfig.cpp">
      <Filter>Common\Config</Filter>
    </ClCompile>
    <ClCompile Include="..\DataServer\src\main.cpp">
      <Filter>src\App</Filter>
    </ClCompile>
    <ClCompile Include="..\DataServer\src\GameServerApp.cpp">
      <Filter>src\App</Filter>
    </ClCompile>
    <ClCompile Include="..\DataServer\src\EventCenter.cpp">
      <Filter>src\App</Filter>
    </ClCompile>
    <ClCompile Include="..\DataServer\src\PlayerManager.cpp">
      <Filter>src\App</Filter>
    </ClCompile>
    <ClCompile Include="..\DataServer\src\Player.cpp">
      <Filter>src\Player</Filter>
    </ClCompile>
    <ClCompile Include="..\DataServer\src\IPlayerComponent.cpp">
      <Filter>src\Player</Filter>
    </ClCompile>
    <ClCompile Include="..\DataServer\src\PlayerBaseData.cpp">
      <Filter>src\Player</Filter>
    </ClCompile>
    <ClCompile Include="..\DataServer\src\PlayerMail.cpp">
      <Filter>src\Player</Filter>
    </ClCompile>
    <ClCompile Include="..\DataServer\src\PlayerFriend.cpp">
      <Filter>src\Player</Filter>
    </ClCompile>
    <ClCompile Include="..\DataServer\src\PlayerGameData.cpp">
      <Filter>src\Player</Filter>
    </ClCompile>
    <ClCompile Include="..\ServerCommon\RewardConfig.cpp">
      <Filter>SvrCommon</Filter>
    </ClCompile>
    <ClCompile Include="..\DataServer\src\ExchangeConfig.cpp">
      <Filter>src\App</Filter>
    </ClCompile>
    <ClCompile Include="..\DataServer\src\ExchangeCenter.cpp">
      <Filter>src\App</Filter>
    </ClCompile>
    <ClCompile Include="..\DataServer\src\RobotCenter.cpp">
      <Filter>src\App</Filter>
    </ClCompile>
    <ClCompile Include="..\DataServer\src\encryptNumber.cpp">
      <Filter>src\App</Filter>
    </ClCompile>
    <ClCompile Include="..\DataServer\src\Group.cpp">
      <Filter>src\App</Filter>
    </ClCompile>
    <ClCompile Include="..\DataServer\src\GameRoomCenter.cpp">
      <Filter>src\App</Filter>
    </ClCompile>
    <ClCompile Include="..\ServerCommon\httpRequest.cpp">
      <Filter>SvrCommon</Filter>
    </ClCompile>
    <ClCompile Include="..\DataServer\src\QingJiaModule.cpp">
      <Filter>src\App</Filter>
    </ClCompile>
    <ClCompile Include="..\ServerCommon\mutex.cpp">
      <Filter>SvrCommon</Filter>
    </ClCompile>
    <ClCompile Include="..\ServerCommon\Sem.cpp">
      <Filter>SvrCommon</Filter>
    </ClCompile>
    <ClCompile Include="..\ServerCommon\TaskPool.cpp">
      <Filter>SvrCommon</Filter>
    </ClCompile>
    <ClCompile Include="..\ServerCommon\ThreadMod.cpp">
      <Filter>SvrCommon</Filter>
    </ClCompile>
    <ClCompile Include="..\ServerCommon\WorkThread.cpp">
      <Filter>SvrCommon</Filter>
    </ClCompile>
  </ItemGroup>
  <ItemGroup>
    <None Include="ClassDiagram1.cd" />
  </ItemGroup>
</Project>