<?xml version="1.0" encoding="utf-8"?>
<Project ToolsVersion="4.0" xmlns="http://schemas.microsoft.com/developer/msbuild/2003">
  <ItemGroup>
    <Filter Include="src">
      <UniqueIdentifier>{93995380-89BD-4b04-88EB-625FBE52EBFB}</UniqueIdentifier>
      <Extensions>h;hpp;hxx;hm;inl;inc;xsd</Extensions>
    </Filter>
    <Filter Include="SvrCommon">
      <UniqueIdentifier>{fd9d5f2a-2b34-47c0-b1a3-291741d87331}</UniqueIdentifier>
    </Filter>
  </ItemGroup>
  <ItemGroup>
    <ClInclude Include="src\DataBaseThread.h">
      <Filter>src</Filter>
    </ClInclude>
    <ClInclude Include="src\DBApp.h">
      <Filter>src</Filter>
    </ClInclude>
    <ClInclude Include="src\DBManager.h">
      <Filter>src</Filter>
    </ClInclude>
    <ClInclude Include="src\DBRequest.h">
      <Filter>src</Filter>
    </ClInclude>
    <ClInclude Include="src\DBRequestFlags.h">
      <Filter>src</Filter>
    </ClInclude>
    <ClInclude Include="src\main.h">
      <Filter>src</Filter>
    </ClInclude>
    <ClInclude Include="src\MySqlData.h">
      <Filter>src</Filter>
    </ClInclude>
    <ClInclude Include="..\ServerCommon\mutex.h">
      <Filter>SvrCommon</Filter>
    </ClInclude>
    <ClInclude Include="..\ServerCommon\Sem.h">
      <Filter>SvrCommon</Filter>
    </ClInclude>
    <ClInclude Include="..\ServerCommon\ThreadMod.h">
      <Filter>SvrCommon</Filter>
    </ClInclude>
  </ItemGroup>
  <ItemGroup>
    <ClCompile Include="src\main.cpp">
      <Filter>src</Filter>
    </ClCompile>
    <ClCompile Include="src\DataBaseThread.cpp">
      <Filter>src</Filter>
    </ClCompile>
    <ClCompile Include="src\DBRequest.cpp">
      <Filter>src</Filter>
    </ClCompile>
    <ClCompile Include="src\MySqlData.cpp">
      <Filter>src</Filter>
    </ClCompile>
    <ClCompile Include="src\DBManager.cpp">
      <Filter>src</Filter>
    </ClCompile>
    <ClCompile Include="src\DBApp.cpp">
      <Filter>src</Filter>
    </ClCompile>
    <ClCompile Include="..\ServerCommon\mutex.cpp">
      <Filter>SvrCommon</Filter>
    </ClCompile>
    <ClCompile Include="..\ServerCommon\Sem.cpp">
      <Filter>SvrCommon</Filter>
    </ClCompile>
    <ClCompile Include="..\ServerCommon\ThreadMod.cpp">
      <Filter>SvrCommon</Filter>
    </ClCompile>
  </ItemGroup>
</Project>