<?xml version="1.0" encoding="utf-8"?>
<Project ToolsVersion="4.0" xmlns="http://schemas.microsoft.com/developer/msbuild/2003">
  <ItemGroup>
    <Filter Include="资源文件">
      <UniqueIdentifier>{67DA6AB6-F800-4c08-8B7A-83BB121AAD01}</UniqueIdentifier>
      <Extensions>rc;ico;cur;bmp;dlg;rc2;rct;bin;rgs;gif;jpg;jpeg;jpe;resx;tiff;tif;png;wav;mfcribbon-ms</Extensions>
    </Filter>
    <Filter Include="src">
      <UniqueIdentifier>{4FC737F1-C7A5-4376-A066-2A32D752A2FF}</UniqueIdentifier>
      <Extensions>cpp;c;cc;cxx;def;odl;idl;hpj;bat;asm;asmx</Extensions>
    </Filter>
    <Filter Include="SvrCommon">
      <UniqueIdentifier>{be35b3b3-8306-4784-b9fd-c5928e668239}</UniqueIdentifier>
    </Filter>
  </ItemGroup>
  <ItemGroup>
    <ClCompile Include="src\DataBaseThread.cpp">
      <Filter>src</Filter>
    </ClCompile>
    <ClCompile Include="src\DBManager.cpp">
      <Filter>src</Filter>
    </ClCompile>
    <ClCompile Include="src\DBRequest.cpp">
      <Filter>src</Filter>
    </ClCompile>
    <ClCompile Include="src\main.cpp">
      <Filter>src</Filter>
    </ClCompile>
    <ClCompile Include="src\MySqlData.cpp">
      <Filter>src</Filter>
    </ClCompile>
    <ClCompile Include="..\ServerCommon\mutex.cpp">
      <Filter>SvrCommon</Filter>
    </ClCompile>
    <ClCompile Include="..\ServerCommon\Sem.cpp">
      <Filter>SvrCommon</Filter>
    </ClCompile>
    <ClCompile Include="..\ServerCommon\ThreadMod.cpp">
      <Filter>SvrCommon</Filter>
    </ClCompile>
    <ClCompile Include="src\LogSvr.cpp">
      <Filter>src</Filter>
    </ClCompile>
  </ItemGroup>
  <ItemGroup>
    <ClInclude Include="src\DataBaseThread.h">
      <Filter>src</Filter>
    </ClInclude>
    <ClInclude Include="src\DBManager.h">
      <Filter>src</Filter>
    </ClInclude>
    <ClInclude Include="src\DBRequest.h">
      <Filter>src</Filter>
    </ClInclude>
    <ClInclude Include="src\DBRequestFlags.h">
      <Filter>src</Filter>
    </ClInclude>
    <ClInclude Include="src\main.h">
      <Filter>src</Filter>
    </ClInclude>
    <ClInclude Include="src\MySqlData.h">
      <Filter>src</Filter>
    </ClInclude>
    <ClInclude Include="..\ServerCommon\mutex.h">
      <Filter>SvrCommon</Filter>
    </ClInclude>
    <ClInclude Include="..\ServerCommon\Sem.h">
      <Filter>SvrCommon</Filter>
    </ClInclude>
    <ClInclude Include="..\ServerCommon\ThreadMod.h">
      <Filter>SvrCommon</Filter>
    </ClInclude>
    <ClInclude Include="src\LogSvrApp.h">
      <Filter>src</Filter>
    </ClInclude>
  </ItemGroup>
</Project>